{
  "name": "mmfparser",
  "lockfileVersion": 3,
  "requires": true,
  "packages": {
    "": {
      "dependencies": {
        "bufferpack": "^0.0.6"
      }
    },
    "node_modules/bufferpack": {
      "version": "0.0.6",
      "resolved": "https://registry.npmjs.org/bufferpack/-/bufferpack-0.0.6.tgz",
      "integrity": "sha512-MTWvLHElqczrIVhge9qHtqgNigJFyh0+tCDId5yCbFAfuekHWIG+uAgvoHVflwrDPuY/e47JE1ki5qcM7w4uLg==",
      "engines": {
        "node": "*"
      }
    }
  }
}
